
Microsoft Visual Studio Solution File, Format Version 12.00
# Visual Studio Version 17
VisualStudioVersion = 17.1.32328.378
MinimumVisualStudioVersion = 10.0.40219.1
Project("{9A19103F-16F7-4668-BE54-9A1E7A4F7556}") = "WpfApp2", "WpfApp2\WpfApp2.csproj", "{C2F5D4F3-EA3B-4C2C-BEC3-45D76DA46B24}"
EndProject
Project("{FAE04EC0-301F-11D3-BF4B-00C04F79EFBC}") = "ClassLibGoreChat", "ClassLibGoreChat\ClassLibGoreChat.csproj", "{3E355CC9-35D2-47E1-992E-2E7DA61B2A51}"
Project("{FAE04EC0-301F-11D3-BF4B-00C04F79EFBC}") = "EntityClasses", "Entity Classes\EntityClasses.csproj", "{5326A600-4519-40AC-B56F-204B41AAC256}"
EndProject
Global
	GlobalSection(SolutionConfigurationPlatforms) = preSolution
		Debug|Any CPU = Debug|Any CPU
		Release|Any CPU = Release|Any CPU
	EndGlobalSection
	GlobalSection(ProjectConfigurationPlatforms) = postSolution
		{C2F5D4F3-EA3B-4C2C-BEC3-45D76DA46B24}.Debug|Any CPU.ActiveCfg = Debug|Any CPU
		{C2F5D4F3-EA3B-4C2C-BEC3-45D76DA46B24}.Debug|Any CPU.Build.0 = Debug|Any CPU
		{C2F5D4F3-EA3B-4C2C-BEC3-45D76DA46B24}.Release|Any CPU.ActiveCfg = Release|Any CPU
		{C2F5D4F3-EA3B-4C2C-BEC3-45D76DA46B24}.Release|Any CPU.Build.0 = Release|Any CPU
		{3E355CC9-35D2-47E1-992E-2E7DA61B2A51}.Debug|Any CPU.ActiveCfg = Debug|Any CPU
		{3E355CC9-35D2-47E1-992E-2E7DA61B2A51}.Debug|Any CPU.Build.0 = Debug|Any CPU
		{3E355CC9-35D2-47E1-992E-2E7DA61B2A51}.Release|Any CPU.ActiveCfg = Release|Any CPU
		{3E355CC9-35D2-47E1-992E-2E7DA61B2A51}.Release|Any CPU.Build.0 = Release|Any CPU
		{5326A600-4519-40AC-B56F-204B41AAC256}.Debug|Any CPU.ActiveCfg = Debug|Any CPU
		{5326A600-4519-40AC-B56F-204B41AAC256}.Debug|Any CPU.Build.0 = Debug|Any CPU
		{5326A600-4519-40AC-B56F-204B41AAC256}.Release|Any CPU.ActiveCfg = Release|Any CPU
		{5326A600-4519-40AC-B56F-204B41AAC256}.Release|Any CPU.Build.0 = Release|Any CPU
	EndGlobalSection
	GlobalSection(SolutionProperties) = preSolution
		HideSolutionNode = FALSE
	EndGlobalSection
	GlobalSection(ExtensibilityGlobals) = postSolution
		SolutionGuid = {609701C8-9683-47A7-8DB0-34E931C0D7FF}
	EndGlobalSection
EndGlobal
